{
    "name": "com.themetalfleece.dobblescore",
    "version": "1.0.0",
    "lockfileVersion": 1,
    "requires": true,
    "dependencies": {
        "android": {
            "version": "0.0.8",
            "resolved": "https://registry.npmjs.org/android/-/android-0.0.8.tgz",
            "integrity": "sha1-pbA96SDXQ3o0zOzuXuEn7x5Elak="
        },
        "array-union": {
            "version": "1.0.2",
            "resolved": "https://registry.npmjs.org/array-union/-/array-union-1.0.2.tgz",
            "integrity": "sha1-mjRBDk9OPaI96jdb5b5w8kd47Dk=",
            "requires": {
                "array-uniq": "1.0.3"
            }
        },
        "array-uniq": {
            "version": "1.0.3",
            "resolved": "https://registry.npmjs.org/array-uniq/-/array-uniq-1.0.3.tgz",
            "integrity": "sha1-r2rId6Jcx/dOBYiUdThY39sk/bY="
        },
        "arrify": {
            "version": "1.0.1",
            "resolved": "https://registry.npmjs.org/arrify/-/arrify-1.0.1.tgz",
            "integrity": "sha1-iYUI2iIm84DfkEcoRWhJwVAaSw0="
        },
        "balanced-match": {
            "version": "1.0.0",
            "resolved": "https://registry.npmjs.org/balanced-match/-/balanced-match-1.0.0.tgz",
            "integrity": "sha1-ibTRmasr7kneFk6gK4nORi1xt2c="
        },
        "bluebird": {
            "version": "3.5.1",
            "resolved": "https://registry.npmjs.org/bluebird/-/bluebird-3.5.1.tgz",
            "integrity": "sha512-MKiLiV+I1AA596t9w1sQJ8jkiSr5+ZKi0WKrYGUn6d1Fx+Ij4tIj+m2WMQSGczs5jZVxV339chE8iwk6F64wjA=="
        },
        "brace-expansion": {
            "version": "1.1.8",
            "resolved": "https://registry.npmjs.org/brace-expansion/-/brace-expansion-1.1.8.tgz",
            "integrity": "sha1-wHshHHyVLsH479Uad+8NHTmQopI=",
            "requires": {
                "balanced-match": "1.0.0",
                "concat-map": "0.0.1"
            }
        },
        "concat-map": {
            "version": "0.0.1",
            "resolved": "https://registry.npmjs.org/concat-map/-/concat-map-0.0.1.tgz",
            "integrity": "sha1-2Klr13/Wjfd5OnMDajug1UBdR3s="
        },
        "cordova-android": {
            "version": "7.0.0",
            "resolved": "https://registry.npmjs.org/cordova-android/-/cordova-android-7.0.0.tgz",
            "integrity": "sha1-yVvt/PvDhjsYDE0p7/7E95Nh0Z0=",
            "requires": {
                "android-versions": "1.2.1",
                "cordova-common": "2.2.0",
                "elementtree": "0.1.6",
                "nopt": "3.0.6",
                "properties-parser": "0.2.3",
                "q": "1.5.1",
                "shelljs": "0.5.3"
            },
            "dependencies": {
                "abbrev": {
                    "version": "1.1.1",
                    "bundled": true
                },
                "android-versions": {
                    "version": "1.2.1",
                    "bundled": true
                },
                "ansi": {
                    "version": "0.3.1",
                    "bundled": true
                },
                "balanced-match": {
                    "version": "1.0.0",
                    "bundled": true
                },
                "base64-js": {
                    "version": "0.0.8",
                    "bundled": true
                },
                "big-integer": {
                    "version": "1.6.26",
                    "bundled": true
                },
                "bplist-parser": {
                    "version": "0.1.1",
                    "bundled": true,
                    "requires": {
                        "big-integer": "1.6.26"
                    }
                },
                "brace-expansion": {
                    "version": "1.1.8",
                    "bundled": true,
                    "requires": {
                        "balanced-match": "1.0.0",
                        "concat-map": "0.0.1"
                    }
                },
                "concat-map": {
                    "version": "0.0.1",
                    "bundled": true
                },
                "cordova-common": {
                    "version": "2.2.0",
                    "bundled": true,
                    "requires": {
                        "ansi": "0.3.1",
                        "bplist-parser": "0.1.1",
                        "cordova-registry-mapper": "1.1.15",
                        "elementtree": "0.1.6",
                        "glob": "5.0.15",
                        "minimatch": "3.0.4",
                        "osenv": "0.1.4",
                        "plist": "1.2.0",
                        "q": "1.5.1",
                        "semver": "5.4.1",
                        "shelljs": "0.5.3",
                        "underscore": "1.8.3",
                        "unorm": "1.4.1"
                    }
                },
                "cordova-registry-mapper": {
                    "version": "1.1.15",
                    "bundled": true
                },
                "elementtree": {
                    "version": "0.1.6",
                    "bundled": true,
                    "requires": {
                        "sax": "0.3.5"
                    }
                },
                "glob": {
                    "version": "5.0.15",
                    "bundled": true,
                    "requires": {
                        "inflight": "1.0.6",
                        "inherits": "2.0.3",
                        "minimatch": "3.0.4",
                        "once": "1.4.0",
                        "path-is-absolute": "1.0.1"
                    }
                },
                "inflight": {
                    "version": "1.0.6",
                    "bundled": true,
                    "requires": {
                        "once": "1.4.0",
                        "wrappy": "1.0.2"
                    }
                },
                "inherits": {
                    "version": "2.0.3",
                    "bundled": true
                },
                "lodash": {
                    "version": "3.10.1",
                    "bundled": true
                },
                "minimatch": {
                    "version": "3.0.4",
                    "bundled": true,
                    "requires": {
                        "brace-expansion": "1.1.8"
                    }
                },
                "nopt": {
                    "version": "3.0.6",
                    "bundled": true,
                    "requires": {
                        "abbrev": "1.1.1"
                    }
                },
                "once": {
                    "version": "1.4.0",
                    "bundled": true,
                    "requires": {
                        "wrappy": "1.0.2"
                    }
                },
                "os-homedir": {
                    "version": "1.0.2",
                    "bundled": true
                },
                "os-tmpdir": {
                    "version": "1.0.2",
                    "bundled": true
                },
                "osenv": {
                    "version": "0.1.4",
                    "bundled": true,
                    "requires": {
                        "os-homedir": "1.0.2",
                        "os-tmpdir": "1.0.2"
                    }
                },
                "path-is-absolute": {
                    "version": "1.0.1",
                    "bundled": true
                },
                "plist": {
                    "version": "1.2.0",
                    "bundled": true,
                    "requires": {
                        "base64-js": "0.0.8",
                        "util-deprecate": "1.0.2",
                        "xmlbuilder": "4.0.0",
                        "xmldom": "0.1.27"
                    }
                },
                "properties-parser": {
                    "version": "0.2.3",
                    "bundled": true
                },
                "q": {
                    "version": "1.5.1",
                    "bundled": true
                },
                "sax": {
                    "version": "0.3.5",
                    "bundled": true
                },
                "semver": {
                    "version": "5.4.1",
                    "bundled": true
                },
                "shelljs": {
                    "version": "0.5.3",
                    "bundled": true
                },
                "underscore": {
                    "version": "1.8.3",
                    "bundled": true
                },
                "unorm": {
                    "version": "1.4.1",
                    "bundled": true
                },
                "util-deprecate": {
                    "version": "1.0.2",
                    "bundled": true
                },
                "wrappy": {
                    "version": "1.0.2",
                    "bundled": true
                },
                "xmlbuilder": {
                    "version": "4.0.0",
                    "bundled": true,
                    "requires": {
                        "lodash": "3.10.1"
                    }
                },
                "xmldom": {
                    "version": "0.1.27",
                    "bundled": true
                }
            }
        },
        "cordova-browser": {
            "version": "5.0.2",
            "resolved": "https://registry.npmjs.org/cordova-browser/-/cordova-browser-5.0.2.tgz",
            "integrity": "sha1-zKEwM3jSM55EKgP0oeM22BltX1Q=",
            "requires": {
                "cordova-common": "2.1.1",
                "cordova-serve": "2.0.0",
                "nopt": "3.0.6",
                "shelljs": "0.5.3"
            },
            "dependencies": {
                "abbrev": {
                    "version": "1.1.1",
                    "bundled": true
                },
                "accepts": {
                    "version": "1.3.4",
                    "bundled": true,
                    "requires": {
                        "mime-types": "2.1.17",
                        "negotiator": "0.6.1"
                    }
                },
                "ansi": {
                    "version": "0.3.1",
                    "bundled": true
                },
                "ansi-regex": {
                    "version": "2.1.1",
                    "bundled": true
                },
                "ansi-styles": {
                    "version": "2.2.1",
                    "bundled": true
                },
                "array-flatten": {
                    "version": "1.1.1",
                    "bundled": true
                },
                "balanced-match": {
                    "version": "1.0.0",
                    "bundled": true
                },
                "base64-js": {
                    "version": "0.0.8",
                    "bundled": true
                },
                "big-integer": {
                    "version": "1.6.25",
                    "bundled": true
                },
                "body-parser": {
                    "version": "1.18.2",
                    "bundled": true,
                    "requires": {
                        "bytes": "3.0.0",
                        "content-type": "1.0.4",
                        "debug": "2.6.9",
                        "depd": "1.1.1",
                        "http-errors": "1.6.2",
                        "iconv-lite": "0.4.19",
                        "on-finished": "2.3.0",
                        "qs": "6.5.1",
                        "raw-body": "2.3.2",
                        "type-is": "1.6.15"
                    }
                },
                "bplist-parser": {
                    "version": "0.1.1",
                    "bundled": true,
                    "requires": {
                        "big-integer": "1.6.25"
                    }
                },
                "brace-expansion": {
                    "version": "1.1.8",
                    "bundled": true,
                    "requires": {
                        "balanced-match": "1.0.0",
                        "concat-map": "0.0.1"
                    }
                },
                "bytes": {
                    "version": "3.0.0",
                    "bundled": true
                },
                "chalk": {
                    "version": "1.1.3",
                    "bundled": true,
                    "requires": {
                        "ansi-styles": "2.2.1",
                        "escape-string-regexp": "1.0.5",
                        "has-ansi": "2.0.0",
                        "strip-ansi": "3.0.1",
                        "supports-color": "2.0.0"
                    }
                },
                "compressible": {
                    "version": "2.0.11",
                    "bundled": true,
                    "requires": {
                        "mime-db": "1.30.0"
                    }
                },
                "compression": {
                    "version": "1.7.1",
                    "bundled": true,
                    "requires": {
                        "accepts": "1.3.4",
                        "bytes": "3.0.0",
                        "compressible": "2.0.11",
                        "debug": "2.6.9",
                        "on-headers": "1.0.1",
                        "safe-buffer": "5.1.1",
                        "vary": "1.1.2"
                    }
                },
                "concat-map": {
                    "version": "0.0.1",
                    "bundled": true
                },
                "content-disposition": {
                    "version": "0.5.2",
                    "bundled": true
                },
                "content-type": {
                    "version": "1.0.4",
                    "bundled": true
                },
                "cookie": {
                    "version": "0.3.1",
                    "bundled": true
                },
                "cookie-signature": {
                    "version": "1.0.6",
                    "bundled": true
                },
                "cordova-common": {
                    "version": "2.1.1",
                    "bundled": true,
                    "requires": {
                        "ansi": "0.3.1",
                        "bplist-parser": "0.1.1",
                        "cordova-registry-mapper": "1.1.15",
                        "elementtree": "0.1.6",
                        "glob": "5.0.15",
                        "minimatch": "3.0.4",
                        "osenv": "0.1.4",
                        "plist": "1.2.0",
                        "q": "1.5.0",
                        "semver": "5.4.1",
                        "shelljs": "0.5.3",
                        "underscore": "1.8.3",
                        "unorm": "1.4.1"
                    }
                },
                "cordova-registry-mapper": {
                    "version": "1.1.15",
                    "bundled": true
                },
                "cordova-serve": {
                    "version": "2.0.0",
                    "bundled": true,
                    "requires": {
                        "chalk": "1.1.3",
                        "compression": "1.7.1",
                        "express": "4.16.2",
                        "open": "0.0.5",
                        "shelljs": "0.5.3"
                    }
                },
                "debug": {
                    "version": "2.6.9",
                    "bundled": true,
                    "requires": {
                        "ms": "2.0.0"
                    }
                },
                "depd": {
                    "version": "1.1.1",
                    "bundled": true
                },
                "destroy": {
                    "version": "1.0.4",
                    "bundled": true
                },
                "ee-first": {
                    "version": "1.1.1",
                    "bundled": true
                },
                "elementtree": {
                    "version": "0.1.6",
                    "bundled": true,
                    "requires": {
                        "sax": "0.3.5"
                    }
                },
                "encodeurl": {
                    "version": "1.0.1",
                    "bundled": true
                },
                "escape-html": {
                    "version": "1.0.3",
                    "bundled": true
                },
                "escape-string-regexp": {
                    "version": "1.0.5",
                    "bundled": true
                },
                "etag": {
                    "version": "1.8.1",
                    "bundled": true
                },
                "express": {
                    "version": "4.16.2",
                    "bundled": true,
                    "requires": {
                        "accepts": "1.3.4",
                        "array-flatten": "1.1.1",
                        "body-parser": "1.18.2",
                        "content-disposition": "0.5.2",
                        "content-type": "1.0.4",
                        "cookie": "0.3.1",
                        "cookie-signature": "1.0.6",
                        "debug": "2.6.9",
                        "depd": "1.1.1",
                        "encodeurl": "1.0.1",
                        "escape-html": "1.0.3",
                        "etag": "1.8.1",
                        "finalhandler": "1.1.0",
                        "fresh": "0.5.2",
                        "merge-descriptors": "1.0.1",
                        "methods": "1.1.2",
                        "on-finished": "2.3.0",
                        "parseurl": "1.3.2",
                        "path-to-regexp": "0.1.7",
                        "proxy-addr": "2.0.2",
                        "qs": "6.5.1",
                        "range-parser": "1.2.0",
                        "safe-buffer": "5.1.1",
                        "send": "0.16.1",
                        "serve-static": "1.13.1",
                        "setprototypeof": "1.1.0",
                        "statuses": "1.3.1",
                        "type-is": "1.6.15",
                        "utils-merge": "1.0.1",
                        "vary": "1.1.2"
                    }
                },
                "finalhandler": {
                    "version": "1.1.0",
                    "bundled": true,
                    "requires": {
                        "debug": "2.6.9",
                        "encodeurl": "1.0.1",
                        "escape-html": "1.0.3",
                        "on-finished": "2.3.0",
                        "parseurl": "1.3.2",
                        "statuses": "1.3.1",
                        "unpipe": "1.0.0"
                    }
                },
                "forwarded": {
                    "version": "0.1.2",
                    "bundled": true
                },
                "fresh": {
                    "version": "0.5.2",
                    "bundled": true
                },
                "glob": {
                    "version": "5.0.15",
                    "bundled": true,
                    "requires": {
                        "inflight": "1.0.6",
                        "inherits": "2.0.3",
                        "minimatch": "3.0.4",
                        "once": "1.4.0",
                        "path-is-absolute": "1.0.1"
                    }
                },
                "has-ansi": {
                    "version": "2.0.0",
                    "bundled": true,
                    "requires": {
                        "ansi-regex": "2.1.1"
                    }
                },
                "http-errors": {
                    "version": "1.6.2",
                    "bundled": true,
                    "requires": {
                        "depd": "1.1.1",
                        "inherits": "2.0.3",
                        "setprototypeof": "1.0.3",
                        "statuses": "1.3.1"
                    },
                    "dependencies": {
                        "setprototypeof": {
                            "version": "1.0.3",
                            "bundled": true
                        }
                    }
                },
                "iconv-lite": {
                    "version": "0.4.19",
                    "bundled": true
                },
                "inflight": {
                    "version": "1.0.6",
                    "bundled": true,
                    "requires": {
                        "once": "1.4.0",
                        "wrappy": "1.0.2"
                    }
                },
                "inherits": {
                    "version": "2.0.3",
                    "bundled": true
                },
                "ipaddr.js": {
                    "version": "1.5.2",
                    "bundled": true
                },
                "lodash": {
                    "version": "3.10.1",
                    "bundled": true
                },
                "media-typer": {
                    "version": "0.3.0",
                    "bundled": true
                },
                "merge-descriptors": {
                    "version": "1.0.1",
                    "bundled": true
                },
                "methods": {
                    "version": "1.1.2",
                    "bundled": true
                },
                "mime": {
                    "version": "1.4.1",
                    "bundled": true
                },
                "mime-db": {
                    "version": "1.30.0",
                    "bundled": true
                },
                "mime-types": {
                    "version": "2.1.17",
                    "bundled": true,
                    "requires": {
                        "mime-db": "1.30.0"
                    }
                },
                "minimatch": {
                    "version": "3.0.4",
                    "bundled": true,
                    "requires": {
                        "brace-expansion": "1.1.8"
                    }
                },
                "ms": {
                    "version": "2.0.0",
                    "bundled": true
                },
                "negotiator": {
                    "version": "0.6.1",
                    "bundled": true
                },
                "nopt": {
                    "version": "3.0.6",
                    "bundled": true,
                    "requires": {
                        "abbrev": "1.1.1"
                    }
                },
                "on-finished": {
                    "version": "2.3.0",
                    "bundled": true,
                    "requires": {
                        "ee-first": "1.1.1"
                    }
                },
                "on-headers": {
                    "version": "1.0.1",
                    "bundled": true
                },
                "once": {
                    "version": "1.4.0",
                    "bundled": true,
                    "requires": {
                        "wrappy": "1.0.2"
                    }
                },
                "open": {
                    "version": "0.0.5",
                    "bundled": true
                },
                "os-homedir": {
                    "version": "1.0.2",
                    "bundled": true
                },
                "os-tmpdir": {
                    "version": "1.0.2",
                    "bundled": true
                },
                "osenv": {
                    "version": "0.1.4",
                    "bundled": true,
                    "requires": {
                        "os-homedir": "1.0.2",
                        "os-tmpdir": "1.0.2"
                    }
                },
                "parseurl": {
                    "version": "1.3.2",
                    "bundled": true
                },
                "path-is-absolute": {
                    "version": "1.0.1",
                    "bundled": true
                },
                "path-to-regexp": {
                    "version": "0.1.7",
                    "bundled": true
                },
                "plist": {
                    "version": "1.2.0",
                    "bundled": true,
                    "requires": {
                        "base64-js": "0.0.8",
                        "util-deprecate": "1.0.2",
                        "xmlbuilder": "4.0.0",
                        "xmldom": "0.1.27"
                    }
                },
                "proxy-addr": {
                    "version": "2.0.2",
                    "bundled": true,
                    "requires": {
                        "forwarded": "0.1.2",
                        "ipaddr.js": "1.5.2"
                    }
                },
                "q": {
                    "version": "1.5.0",
                    "bundled": true
                },
                "qs": {
                    "version": "6.5.1",
                    "bundled": true
                },
                "range-parser": {
                    "version": "1.2.0",
                    "bundled": true
                },
                "raw-body": {
                    "version": "2.3.2",
                    "bundled": true,
                    "requires": {
                        "bytes": "3.0.0",
                        "http-errors": "1.6.2",
                        "iconv-lite": "0.4.19",
                        "unpipe": "1.0.0"
                    }
                },
                "safe-buffer": {
                    "version": "5.1.1",
                    "bundled": true
                },
                "sax": {
                    "version": "0.3.5",
                    "bundled": true
                },
                "semver": {
                    "version": "5.4.1",
                    "bundled": true
                },
                "send": {
                    "version": "0.16.1",
                    "bundled": true,
                    "requires": {
                        "debug": "2.6.9",
                        "depd": "1.1.1",
                        "destroy": "1.0.4",
                        "encodeurl": "1.0.1",
                        "escape-html": "1.0.3",
                        "etag": "1.8.1",
                        "fresh": "0.5.2",
                        "http-errors": "1.6.2",
                        "mime": "1.4.1",
                        "ms": "2.0.0",
                        "on-finished": "2.3.0",
                        "range-parser": "1.2.0",
                        "statuses": "1.3.1"
                    }
                },
                "serve-static": {
                    "version": "1.13.1",
                    "bundled": true,
                    "requires": {
                        "encodeurl": "1.0.1",
                        "escape-html": "1.0.3",
                        "parseurl": "1.3.2",
                        "send": "0.16.1"
                    }
                },
                "setprototypeof": {
                    "version": "1.1.0",
                    "bundled": true
                },
                "shelljs": {
                    "version": "0.5.3",
                    "bundled": true
                },
                "statuses": {
                    "version": "1.3.1",
                    "bundled": true
                },
                "strip-ansi": {
                    "version": "3.0.1",
                    "bundled": true,
                    "requires": {
                        "ansi-regex": "2.1.1"
                    }
                },
                "supports-color": {
                    "version": "2.0.0",
                    "bundled": true
                },
                "type-is": {
                    "version": "1.6.15",
                    "bundled": true,
                    "requires": {
                        "media-typer": "0.3.0",
                        "mime-types": "2.1.17"
                    }
                },
                "underscore": {
                    "version": "1.8.3",
                    "bundled": true
                },
                "unorm": {
                    "version": "1.4.1",
                    "bundled": true
                },
                "unpipe": {
                    "version": "1.0.0",
                    "bundled": true
                },
                "util-deprecate": {
                    "version": "1.0.2",
                    "bundled": true
                },
                "utils-merge": {
                    "version": "1.0.1",
                    "bundled": true
                },
                "vary": {
                    "version": "1.1.2",
                    "bundled": true
                },
                "wrappy": {
                    "version": "1.0.2",
                    "bundled": true
                },
                "xmlbuilder": {
                    "version": "4.0.0",
                    "bundled": true,
                    "requires": {
                        "lodash": "3.10.1"
                    }
                },
                "xmldom": {
                    "version": "0.1.27",
                    "bundled": true
                }
            }
        },
        "cordova-plugin-exclude-files": {
            "version": "0.2.2",
            "resolved": "https://registry.npmjs.org/cordova-plugin-exclude-files/-/cordova-plugin-exclude-files-0.2.2.tgz",
            "integrity": "sha1-Hd+HiusUtOvOBxa/Iq6lwgPem/o=",
            "requires": {
                "del": "2.2.2",
                "lodash": "4.17.4",
                "q": "1.5.1",
                "xml2js": "0.4.19"
            }
        },
        "cordova-plugin-file": {
            "version": "5.0.0",
            "resolved": "https://registry.npmjs.org/cordova-plugin-file/-/cordova-plugin-file-5.0.0.tgz",
            "integrity": "sha1-05doIyFmnAAL6McfjvRDiq6Pkl0="
        },
        "cordova-plugin-whitelist": {
            "version": "1.3.3",
            "resolved": "https://registry.npmjs.org/cordova-plugin-whitelist/-/cordova-plugin-whitelist-1.3.3.tgz",
            "integrity": "sha1-tehezbv+Wu3tQKG/TuI3LmfZb7Q="
        },
        "cordova-promise-fs": {
            "version": "1.2.5",
            "resolved": "https://registry.npmjs.org/cordova-promise-fs/-/cordova-promise-fs-1.2.5.tgz",
            "integrity": "sha1-06gwl8xCY6RgS0i74v8j+MaeOw4="
        },
        "del": {
            "version": "2.2.2",
            "resolved": "https://registry.npmjs.org/del/-/del-2.2.2.tgz",
            "integrity": "sha1-wSyYHQZ4RshLyvhiz/kw2Qf/0ag=",
            "requires": {
                "globby": "5.0.0",
                "is-path-cwd": "1.0.0",
                "is-path-in-cwd": "1.0.0",
                "object-assign": "4.1.1",
                "pify": "2.3.0",
                "pinkie-promise": "2.0.1",
                "rimraf": "2.6.2"
            }
        },
        "fs.realpath": {
            "version": "1.0.0",
            "resolved": "https://registry.npmjs.org/fs.realpath/-/fs.realpath-1.0.0.tgz",
            "integrity": "sha1-FQStJSMVjKpA20onh8sBQRmU6k8="
        },
        "glob": {
            "version": "7.1.2",
            "resolved": "https://registry.npmjs.org/glob/-/glob-7.1.2.tgz",
            "integrity": "sha512-MJTUg1kjuLeQCJ+ccE4Vpa6kKVXkPYJ2mOCQyUuKLcLQsdrMCpBPUi8qVE6+YuaJkozeA9NusTAw3hLr8Xe5EQ==",
            "requires": {
                "fs.realpath": "1.0.0",
                "inflight": "1.0.6",
                "inherits": "2.0.3",
                "minimatch": "3.0.4",
                "once": "1.4.0",
                "path-is-absolute": "1.0.1"
            }
        },
        "globby": {
            "version": "5.0.0",
            "resolved": "https://registry.npmjs.org/globby/-/globby-5.0.0.tgz",
            "integrity": "sha1-69hGZ8oNuzMLmbz8aOrCvFQ3Dg0=",
            "requires": {
                "array-union": "1.0.2",
                "arrify": "1.0.1",
                "glob": "7.1.2",
                "object-assign": "4.1.1",
                "pify": "2.3.0",
                "pinkie-promise": "2.0.1"
            }
        },
        "inflight": {
            "version": "1.0.6",
            "resolved": "https://registry.npmjs.org/inflight/-/inflight-1.0.6.tgz",
            "integrity": "sha1-Sb1jMdfQLQwJvJEKEHW6gWW1bfk=",
            "requires": {
                "once": "1.4.0",
                "wrappy": "1.0.2"
            }
        },
        "inherits": {
            "version": "2.0.3",
            "resolved": "https://registry.npmjs.org/inherits/-/inherits-2.0.3.tgz",
            "integrity": "sha1-Yzwsg+PaQqUC9SRmAiSA9CCCYd4="
        },
        "is-path-cwd": {
            "version": "1.0.0",
            "resolved": "https://registry.npmjs.org/is-path-cwd/-/is-path-cwd-1.0.0.tgz",
            "integrity": "sha1-0iXsIxMuie3Tj9p2dHLmLmXxEG0="
        },
        "is-path-in-cwd": {
            "version": "1.0.0",
            "resolved": "https://registry.npmjs.org/is-path-in-cwd/-/is-path-in-cwd-1.0.0.tgz",
            "integrity": "sha1-ZHdYK4IU1gI0YJRWcAO+ip6sBNw=",
            "requires": {
                "is-path-inside": "1.0.1"
            }
        },
        "is-path-inside": {
            "version": "1.0.1",
            "resolved": "https://registry.npmjs.org/is-path-inside/-/is-path-inside-1.0.1.tgz",
            "integrity": "sha1-jvW33lBDej/cprToZe96pVy0gDY=",
            "requires": {
                "path-is-inside": "1.0.2"
            }
        },
        "lodash": {
            "version": "4.17.4",
            "resolved": "https://registry.npmjs.org/lodash/-/lodash-4.17.4.tgz",
            "integrity": "sha1-eCA6TRwyiuHYbcpkYONptX9AVa4="
        },
        "minimatch": {
            "version": "3.0.4",
            "resolved": "https://registry.npmjs.org/minimatch/-/minimatch-3.0.4.tgz",
            "integrity": "sha512-yJHVQEhyqPLUTgt9B83PXu6W3rx4MvvHvSUvToogpwoGDOUQ+yDrR0HRot+yOCdCO7u4hX3pWft6kWBBcqh0UA==",
            "requires": {
                "brace-expansion": "1.1.8"
            }
        },
        "object-assign": {
            "version": "4.1.1",
            "resolved": "https://registry.npmjs.org/object-assign/-/object-assign-4.1.1.tgz",
            "integrity": "sha1-IQmtx5ZYh8/AXLvUQsrIv7s2CGM="
        },
        "once": {
            "version": "1.4.0",
            "resolved": "https://registry.npmjs.org/once/-/once-1.4.0.tgz",
            "integrity": "sha1-WDsap3WWHUsROsF9nFC6753Xa9E=",
            "requires": {
                "wrappy": "1.0.2"
            }
        },
        "path-is-absolute": {
            "version": "1.0.1",
            "resolved": "https://registry.npmjs.org/path-is-absolute/-/path-is-absolute-1.0.1.tgz",
            "integrity": "sha1-F0uSaHNVNP+8es5r9TpanhtcX18="
        },
        "path-is-inside": {
            "version": "1.0.2",
            "resolved": "https://registry.npmjs.org/path-is-inside/-/path-is-inside-1.0.2.tgz",
            "integrity": "sha1-NlQX3t5EQw0cEa9hAn+s8HS9/FM="
        },
        "pify": {
            "version": "2.3.0",
            "resolved": "https://registry.npmjs.org/pify/-/pify-2.3.0.tgz",
            "integrity": "sha1-7RQaasBDqEnqWISY59yosVMw6Qw="
        },
        "pinkie": {
            "version": "2.0.4",
            "resolved": "https://registry.npmjs.org/pinkie/-/pinkie-2.0.4.tgz",
            "integrity": "sha1-clVrgM+g1IqXToDnckjoDtT3+HA="
        },
        "pinkie-promise": {
            "version": "2.0.1",
            "resolved": "https://registry.npmjs.org/pinkie-promise/-/pinkie-promise-2.0.1.tgz",
            "integrity": "sha1-ITXW36ejWMBprJsXh3YogihFD/o=",
            "requires": {
                "pinkie": "2.0.4"
            }
        },
        "q": {
            "version": "1.5.1",
            "resolved": "https://registry.npmjs.org/q/-/q-1.5.1.tgz",
            "integrity": "sha1-fjL3W0E4EpHQRhHxvxQQmsAGUdc="
        },
        "rimraf": {
            "version": "2.6.2",
            "resolved": "https://registry.npmjs.org/rimraf/-/rimraf-2.6.2.tgz",
            "integrity": "sha512-lreewLK/BlghmxtfH36YYVg1i8IAce4TI7oao75I1g245+6BctqTVQiBP3YUJ9C6DQOXJmkYR9X9fCLtCOJc5w==",
            "requires": {
                "glob": "7.1.2"
            }
        },
        "sax": {
            "version": "1.2.4",
            "resolved": "https://registry.npmjs.org/sax/-/sax-1.2.4.tgz",
            "integrity": "sha512-NqVDv9TpANUjFm0N8uM5GxL36UgKi9/atZw+x7YFnQ8ckwFGKrl4xX4yWtrey3UJm5nP1kUbnYgLopqWNSRhWw=="
        },
        "wrappy": {
            "version": "1.0.2",
            "resolved": "https://registry.npmjs.org/wrappy/-/wrappy-1.0.2.tgz",
            "integrity": "sha1-tSQ9jz7BqjXxNkYFvA0QNuMKtp8="
        },
        "xml2js": {
            "version": "0.4.19",
            "resolved": "https://registry.npmjs.org/xml2js/-/xml2js-0.4.19.tgz",
            "integrity": "sha512-esZnJZJOiJR9wWKMyuvSE1y6Dq5LCuJanqhxslH2bxM6duahNZ+HMpCLhBQGZkbX6xRf8x1Y2eJlgt2q3qo49Q==",
            "requires": {
                "sax": "1.2.4",
                "xmlbuilder": "9.0.4"
            }
        },
        "xmlbuilder": {
            "version": "9.0.4",
            "resolved": "https://registry.npmjs.org/xmlbuilder/-/xmlbuilder-9.0.4.tgz",
            "integrity": "sha1-UZy0ymhtAFqEINNJbz8MruzKWA8="
        }
    }
}
